
Microsoft Visual Studio Solution File, Format Version 12.00
Project("{2150E333-8FDC-42A3-9474-1A3956D46DE8}") = "src", "src", "{71E960B6-B8BB-447E-B818-A26EF6A698A1}"
EndProject
Project("{FAE04EC0-301F-11D3-BF4B-00C04F79EFBC}") = "MOLS.Bootstrapper", "src\Modules\MOLS.Bootstrapper\MOLS.Bootstrapper.csproj", "{4BB564C4-EA24-465D-882B-7C99E61567D1}"
EndProject
Project("{FAE04EC0-301F-11D3-BF4B-00C04F79EFBC}") = "mvc check", "src\Modules\mvc check\mvc check.csproj", "{FFB93F88-4BC9-485C-B60F-4704E8D00032}"
EndProject
Project("{2150E333-8FDC-42A3-9474-1A3956D46DE8}") = "Modules", "Modules", "{500116D0-A2B3-4655-A221-0785C2BDF154}"
EndProject
Project("{FAE04EC0-301F-11D3-BF4B-00C04F79EFBC}") = "MOLS.Modules.Account", "src\Modules\MOLS.Modules.Account\MOLS.Modules.Account.csproj", "{832B66E5-28EB-488F-8DD4-F10A2638C583}"
EndProject
Project("{FAE04EC0-301F-11D3-BF4B-00C04F79EFBC}") = "MOLS.Shared", "src\Modules\MOLS.Shared\MOLS.Shared.csproj", "{81E6536F-8E65-49DB-AC19-AAA0B2FA8ADA}"
EndProject
Global
	GlobalSection(SolutionConfigurationPlatforms) = preSolution
		Debug|Any CPU = Debug|Any CPU
		Release|Any CPU = Release|Any CPU
	EndGlobalSection
	GlobalSection(NestedProjects) = preSolution
		{82DADA7E-7756-4309-8945-A27F132D354C} = {71E960B6-B8BB-447E-B818-A26EF6A698A1}
		{500116D0-A2B3-4655-A221-0785C2BDF154} = {71E960B6-B8BB-447E-B818-A26EF6A698A1}
		{FFB93F88-4BC9-485C-B60F-4704E8D00032} = {500116D0-A2B3-4655-A221-0785C2BDF154}
		{832B66E5-28EB-488F-8DD4-F10A2638C583} = {500116D0-A2B3-4655-A221-0785C2BDF154}
		{4BB564C4-EA24-465D-882B-7C99E61567D1} = {500116D0-A2B3-4655-A221-0785C2BDF154}
		{81E6536F-8E65-49DB-AC19-AAA0B2FA8ADA} = {500116D0-A2B3-4655-A221-0785C2BDF154}
	EndGlobalSection
	GlobalSection(ProjectConfigurationPlatforms) = postSolution
		{4BB564C4-EA24-465D-882B-7C99E61567D1}.Debug|Any CPU.ActiveCfg = Debug|Any CPU
		{4BB564C4-EA24-465D-882B-7C99E61567D1}.Debug|Any CPU.Build.0 = Debug|Any CPU
		{4BB564C4-EA24-465D-882B-7C99E61567D1}.Release|Any CPU.ActiveCfg = Release|Any CPU
		{4BB564C4-EA24-465D-882B-7C99E61567D1}.Release|Any CPU.Build.0 = Release|Any CPU
		{FFB93F88-4BC9-485C-B60F-4704E8D00032}.Debug|Any CPU.ActiveCfg = Debug|Any CPU
		{FFB93F88-4BC9-485C-B60F-4704E8D00032}.Debug|Any CPU.Build.0 = Debug|Any CPU
		{FFB93F88-4BC9-485C-B60F-4704E8D00032}.Release|Any CPU.ActiveCfg = Release|Any CPU
		{FFB93F88-4BC9-485C-B60F-4704E8D00032}.Release|Any CPU.Build.0 = Release|Any CPU
		{832B66E5-28EB-488F-8DD4-F10A2638C583}.Debug|Any CPU.ActiveCfg = Debug|Any CPU
		{832B66E5-28EB-488F-8DD4-F10A2638C583}.Debug|Any CPU.Build.0 = Debug|Any CPU
		{832B66E5-28EB-488F-8DD4-F10A2638C583}.Release|Any CPU.ActiveCfg = Release|Any CPU
		{832B66E5-28EB-488F-8DD4-F10A2638C583}.Release|Any CPU.Build.0 = Release|Any CPU
		{81E6536F-8E65-49DB-AC19-AAA0B2FA8ADA}.Debug|Any CPU.ActiveCfg = Debug|Any CPU
		{81E6536F-8E65-49DB-AC19-AAA0B2FA8ADA}.Debug|Any CPU.Build.0 = Debug|Any CPU
		{81E6536F-8E65-49DB-AC19-AAA0B2FA8ADA}.Release|Any CPU.ActiveCfg = Release|Any CPU
		{81E6536F-8E65-49DB-AC19-AAA0B2FA8ADA}.Release|Any CPU.Build.0 = Release|Any CPU
	EndGlobalSection
EndGlobal
